
Microsoft Visual Studio Solution File, Format Version 12.00
# Visual Studio 2012
Project("{2150E333-8FDC-42A3-9474-1A3956D46DE8}") = "Core", "Core", "{12DD2F4D-001E-4DA7-A6B5-F50DA95187A9}"
EndProject
Project("{2150E333-8FDC-42A3-9474-1A3956D46DE8}") = "Web", "Web", "{971E1F52-96E0-459B-81B9-7DC3A7C0D51B}"
EndProject
Project("{2150E333-8FDC-42A3-9474-1A3956D46DE8}") = "Tests", "Tests", "{636ADE14-0479-4FD0-B699-A57824D481EB}"
EndProject
Project("{FAE04EC0-301F-11D3-BF4B-00C04F79EFBC}") = "CodeFinder.DAL", "Core\CodeFinder.DAL\CodeFinder.DAL.csproj", "{A73B152A-2EB1-4853-A1C9-4A9FCCBF98D7}"
EndProject
Project("{FAE04EC0-301F-11D3-BF4B-00C04F79EFBC}") = "CodeFinder.Model", "Core\CodeFinder.Model\CodeFinder.Model.csproj", "{89CFFCE5-7356-430D-99DF-DC4417983B0D}"
EndProject
Project("{FAE04EC0-301F-11D3-BF4B-00C04F79EFBC}") = "CodeFinder.BAL", "Core\CodeFinder.BAL\CodeFinder.BAL.csproj", "{7F145B3E-356C-4E4E-8B0B-F3BF7EB4802D}"
EndProject
Project("{FAE04EC0-301F-11D3-BF4B-00C04F79EFBC}") = "CodeFinder.Common", "Core\CodeFinder.Common\CodeFinder.Common.csproj", "{ACA85611-08D1-43D2-9EB7-33E97FFCB4BE}"
EndProject
Project("{FAE04EC0-301F-11D3-BF4B-00C04F79EFBC}") = "CodeFinder.Web", "Web\CodeFinder.Web\CodeFinder.Web.csproj", "{37FA2401-23E6-460D-A16A-03AC92E6F50D}"
EndProject
Global
	GlobalSection(SolutionConfigurationPlatforms) = preSolution
		Debug|Any CPU = Debug|Any CPU
		Release|Any CPU = Release|Any CPU
	EndGlobalSection
	GlobalSection(ProjectConfigurationPlatforms) = postSolution
		{A73B152A-2EB1-4853-A1C9-4A9FCCBF98D7}.Debug|Any CPU.ActiveCfg = Debug|Any CPU
		{A73B152A-2EB1-4853-A1C9-4A9FCCBF98D7}.Debug|Any CPU.Build.0 = Debug|Any CPU
		{A73B152A-2EB1-4853-A1C9-4A9FCCBF98D7}.Release|Any CPU.ActiveCfg = Release|Any CPU
		{A73B152A-2EB1-4853-A1C9-4A9FCCBF98D7}.Release|Any CPU.Build.0 = Release|Any CPU
		{89CFFCE5-7356-430D-99DF-DC4417983B0D}.Debug|Any CPU.ActiveCfg = Debug|Any CPU
		{89CFFCE5-7356-430D-99DF-DC4417983B0D}.Debug|Any CPU.Build.0 = Debug|Any CPU
		{89CFFCE5-7356-430D-99DF-DC4417983B0D}.Release|Any CPU.ActiveCfg = Release|Any CPU
		{89CFFCE5-7356-430D-99DF-DC4417983B0D}.Release|Any CPU.Build.0 = Release|Any CPU
		{7F145B3E-356C-4E4E-8B0B-F3BF7EB4802D}.Debug|Any CPU.ActiveCfg = Debug|Any CPU
		{7F145B3E-356C-4E4E-8B0B-F3BF7EB4802D}.Debug|Any CPU.Build.0 = Debug|Any CPU
		{7F145B3E-356C-4E4E-8B0B-F3BF7EB4802D}.Release|Any CPU.ActiveCfg = Release|Any CPU
		{7F145B3E-356C-4E4E-8B0B-F3BF7EB4802D}.Release|Any CPU.Build.0 = Release|Any CPU
		{ACA85611-08D1-43D2-9EB7-33E97FFCB4BE}.Debug|Any CPU.ActiveCfg = Debug|Any CPU
		{ACA85611-08D1-43D2-9EB7-33E97FFCB4BE}.Debug|Any CPU.Build.0 = Debug|Any CPU
		{ACA85611-08D1-43D2-9EB7-33E97FFCB4BE}.Release|Any CPU.ActiveCfg = Release|Any CPU
		{ACA85611-08D1-43D2-9EB7-33E97FFCB4BE}.Release|Any CPU.Build.0 = Release|Any CPU
		{37FA2401-23E6-460D-A16A-03AC92E6F50D}.Debug|Any CPU.ActiveCfg = Debug|Any CPU
		{37FA2401-23E6-460D-A16A-03AC92E6F50D}.Debug|Any CPU.Build.0 = Debug|Any CPU
		{37FA2401-23E6-460D-A16A-03AC92E6F50D}.Release|Any CPU.ActiveCfg = Release|Any CPU
		{37FA2401-23E6-460D-A16A-03AC92E6F50D}.Release|Any CPU.Build.0 = Release|Any CPU
	EndGlobalSection
	GlobalSection(SolutionProperties) = preSolution
		HideSolutionNode = FALSE
	EndGlobalSection
	GlobalSection(NestedProjects) = preSolution
		{A73B152A-2EB1-4853-A1C9-4A9FCCBF98D7} = {12DD2F4D-001E-4DA7-A6B5-F50DA95187A9}
		{89CFFCE5-7356-430D-99DF-DC4417983B0D} = {12DD2F4D-001E-4DA7-A6B5-F50DA95187A9}
		{7F145B3E-356C-4E4E-8B0B-F3BF7EB4802D} = {12DD2F4D-001E-4DA7-A6B5-F50DA95187A9}
		{ACA85611-08D1-43D2-9EB7-33E97FFCB4BE} = {12DD2F4D-001E-4DA7-A6B5-F50DA95187A9}
		{37FA2401-23E6-460D-A16A-03AC92E6F50D} = {971E1F52-96E0-459B-81B9-7DC3A7C0D51B}
	EndGlobalSection
EndGlobal
